{
  "name": "tokens-fungible",
  "version": "1.0.0",
  "lockfileVersion": 2,
  "requires": true,
  "packages": {
    "": {
      "version": "1.0.0",
      "license": "ISC",
      "dependencies": {
        "@tonclient/core": "^1.8.0",
        "@tonclient/lib-node": "^1.8.0",
        "ascii-hex": "^1.0.1",
        "fs": "^0.0.1-security",
        "hex2dec": "^1.1.2",
        "sudo-js": "^1.0.2"
      }
    },
    "node_modules/@tonclient/core": {
      "version": "1.8.0",
      "resolved": "https://registry.npmjs.org/@tonclient/core/-/core-1.8.0.tgz",
      "integrity": "sha512-jxorWFaxYPPPP8meHz2wz9Wb9QlD/0ETw4aSVt9/pqzPmV93vshXO8tm0E2D+wrzsQsgkMCR/wkOFkATi1om+Q==",
      "engines": {
        "node": ">=6"
      }
    },
    "node_modules/@tonclient/lib-node": {
      "version": "1.8.0",
      "resolved": "https://registry.npmjs.org/@tonclient/lib-node/-/lib-node-1.8.0.tgz",
      "integrity": "sha512-44e33u8sU1azcww/UJAiyTJmERy/Thb+F0JyXaspE1GtVFft98f9+/YTbsGixOlM+dQhEGDNU+3+G7FeITtjww==",
      "hasInstallScript": true,
      "engines": {
        "node": ">=6"
      }
    },
    "node_modules/ascii-hex": {
      "version": "1.0.1",
      "resolved": "https://registry.npmjs.org/ascii-hex/-/ascii-hex-1.0.1.tgz",
      "integrity": "sha1-PriUYNrBIwcvsoKeNgyHMUjO9og=",
      "engines": {
        "node": ">=0.10.0"
      }
    },
    "node_modules/fs": {
      "version": "0.0.1-security",
      "resolved": "https://registry.npmjs.org/fs/-/fs-0.0.1-security.tgz",
      "integrity": "sha1-invTcYa23d84E/I4WLV+yq9eQdQ="
    },
    "node_modules/hex2dec": {
      "version": "1.1.2",
      "resolved": "https://registry.npmjs.org/hex2dec/-/hex2dec-1.1.2.tgz",
      "integrity": "sha512-Yu+q/XWr2fFQ11tHxPq4p4EiNkb2y+lAacJNhAdRXVfRIcDH6gi7htWFnnlIzvqHMHoWeIsfXlNAjZInpAOJDA=="
    },
    "node_modules/inpath": {
      "version": "1.0.2",
      "resolved": "https://registry.npmjs.org/inpath/-/inpath-1.0.2.tgz",
      "integrity": "sha1-SsIZcQ7Hpy9GD/lL9CTdPvDlKBc=",
      "engines": {
        "node": "*"
      }
    },
    "node_modules/pidof": {
      "version": "1.0.2",
      "resolved": "https://registry.npmjs.org/pidof/-/pidof-1.0.2.tgz",
      "integrity": "sha1-+6Dq4cgzWhHrgJn10PPvvEXLTpA=",
      "engines": {
        "node": "*"
      }
    },
    "node_modules/sudo-js": {
      "version": "1.0.2",
      "resolved": "https://registry.npmjs.org/sudo-js/-/sudo-js-1.0.2.tgz",
      "integrity": "sha1-tnbXBnU6miO6eGKMuKI/fUVh2RM=",
      "dependencies": {
        "inpath": "^1.0.2",
        "pidof": "^1.0.2"
      }
    }
  },
  "dependencies": {
    "@tonclient/core": {
      "version": "1.8.0",
      "resolved": "https://registry.npmjs.org/@tonclient/core/-/core-1.8.0.tgz",
      "integrity": "sha512-jxorWFaxYPPPP8meHz2wz9Wb9QlD/0ETw4aSVt9/pqzPmV93vshXO8tm0E2D+wrzsQsgkMCR/wkOFkATi1om+Q=="
    },
    "@tonclient/lib-node": {
      "version": "1.8.0",
      "resolved": "https://registry.npmjs.org/@tonclient/lib-node/-/lib-node-1.8.0.tgz",
      "integrity": "sha512-44e33u8sU1azcww/UJAiyTJmERy/Thb+F0JyXaspE1GtVFft98f9+/YTbsGixOlM+dQhEGDNU+3+G7FeITtjww=="
    },
    "ascii-hex": {
      "version": "1.0.1",
      "resolved": "https://registry.npmjs.org/ascii-hex/-/ascii-hex-1.0.1.tgz",
      "integrity": "sha1-PriUYNrBIwcvsoKeNgyHMUjO9og="
    },
    "fs": {
      "version": "0.0.1-security",
      "resolved": "https://registry.npmjs.org/fs/-/fs-0.0.1-security.tgz",
      "integrity": "sha1-invTcYa23d84E/I4WLV+yq9eQdQ="
    },
    "hex2dec": {
      "version": "1.1.2",
      "resolved": "https://registry.npmjs.org/hex2dec/-/hex2dec-1.1.2.tgz",
      "integrity": "sha512-Yu+q/XWr2fFQ11tHxPq4p4EiNkb2y+lAacJNhAdRXVfRIcDH6gi7htWFnnlIzvqHMHoWeIsfXlNAjZInpAOJDA=="
    },
    "inpath": {
      "version": "1.0.2",
      "resolved": "https://registry.npmjs.org/inpath/-/inpath-1.0.2.tgz",
      "integrity": "sha1-SsIZcQ7Hpy9GD/lL9CTdPvDlKBc="
    },
    "pidof": {
      "version": "1.0.2",
      "resolved": "https://registry.npmjs.org/pidof/-/pidof-1.0.2.tgz",
      "integrity": "sha1-+6Dq4cgzWhHrgJn10PPvvEXLTpA="
    },
    "sudo-js": {
      "version": "1.0.2",
      "resolved": "https://registry.npmjs.org/sudo-js/-/sudo-js-1.0.2.tgz",
      "integrity": "sha1-tnbXBnU6miO6eGKMuKI/fUVh2RM=",
      "requires": {
        "inpath": "^1.0.2",
        "pidof": "^1.0.2"
      }
    }
  }
}
