{
  "requires": true,
  "lockfileVersion": 1,
  "dependencies": {
    "@tonclient/core": {
      "version": "1.5.3",
      "resolved": "https://registry.npmjs.org/@tonclient/core/-/core-1.5.3.tgz",
      "integrity": "sha512-uBEsJuw/bg9vpKrJ8a0gVIqY3gEOZsWWOCqMA1q3A3gx1G2du2jjsQDM6lmzkAjALha9suWJZJI2wrmPWTFxKw=="
    },
    "@tonclient/lib-node": {
      "version": "1.5.3",
      "resolved": "https://registry.npmjs.org/@tonclient/lib-node/-/lib-node-1.5.3.tgz",
      "integrity": "sha512-BSilUh+7JJ516IaD+1FjHBRCra+MiQ5MoNguJ/fl/fOjYgsIDn5X0s0KgQbBfoEOydAeI/HJYo09gbVRQx2o6Q=="
    },
    "ascii-hex": {
      "version": "1.0.1",
      "resolved": "https://registry.npmjs.org/ascii-hex/-/ascii-hex-1.0.1.tgz",
      "integrity": "sha1-PriUYNrBIwcvsoKeNgyHMUjO9og="
    },
    "hex2dec": {
      "version": "1.1.2",
      "resolved": "https://registry.npmjs.org/hex2dec/-/hex2dec-1.1.2.tgz",
      "integrity": "sha512-Yu+q/XWr2fFQ11tHxPq4p4EiNkb2y+lAacJNhAdRXVfRIcDH6gi7htWFnnlIzvqHMHoWeIsfXlNAjZInpAOJDA=="
    },
    "inpath": {
      "version": "1.0.2",
      "resolved": "https://registry.npmjs.org/inpath/-/inpath-1.0.2.tgz",
      "integrity": "sha1-SsIZcQ7Hpy9GD/lL9CTdPvDlKBc="
    },
    "pidof": {
      "version": "1.0.2",
      "resolved": "https://registry.npmjs.org/pidof/-/pidof-1.0.2.tgz",
      "integrity": "sha1-+6Dq4cgzWhHrgJn10PPvvEXLTpA="
    },
    "sudo-js": {
      "version": "1.0.2",
      "resolved": "https://registry.npmjs.org/sudo-js/-/sudo-js-1.0.2.tgz",
      "integrity": "sha1-tnbXBnU6miO6eGKMuKI/fUVh2RM=",
      "requires": {
        "inpath": "^1.0.2",
        "pidof": "^1.0.2"
      }
    }
  }
}
